
Microsoft Visual Studio Solution File, Format Version 12.00
# Visual Studio Version 17
VisualStudioVersion = 17.9.34728.123
MinimumVisualStudioVersion = 10.0.40219.1
Project("{FAE04EC0-301F-11D3-BF4B-00C04F79EFBC}") = "Foobar-RPC", "Foobar-RPC.csproj", "{4E8E0734-9839-4E7E-985F-DC811763D664}"
EndProject
Global
	GlobalSection(SolutionConfigurationPlatforms) = preSolution
		Debug|Any CPU = Debug|Any CPU
		Release|Any CPU = Release|Any CPU
	EndGlobalSection
	GlobalSection(ProjectConfigurationPlatforms) = postSolution
		{4E8E0734-9839-4E7E-985F-DC811763D664}.Debug|Any CPU.ActiveCfg = Debug|Any CPU
		{4E8E0734-9839-4E7E-985F-DC811763D664}.Debug|Any CPU.Build.0 = Debug|Any CPU
		{4E8E0734-9839-4E7E-985F-DC811763D664}.Release|Any CPU.ActiveCfg = Release|Any CPU
		{4E8E0734-9839-4E7E-985F-DC811763D664}.Release|Any CPU.Build.0 = Release|Any CPU
	EndGlobalSection
	GlobalSection(SolutionProperties) = preSolution
		HideSolutionNode = FALSE
	EndGlobalSection
	GlobalSection(ExtensibilityGlobals) = postSolution
		SolutionGuid = {87880545-C387-4A71-A834-1E3F88C4C993}
	EndGlobalSection
EndGlobal
